
Microsoft Visual Studio Solution File, Format Version 12.00
# Visual Studio 2013
VisualStudioVersion = 12.0.31101.0
MinimumVisualStudioVersion = 10.0.40219.1
Project("{FAE04EC0-301F-11D3-BF4B-00C04F79EFBC}") = "EFCodeFirstPaoloTest", "EFCodeFirstPaoloTest\EFCodeFirstPaoloTest.csproj", "{574F56F2-08E4-4E6B-84BD-473B16BE2CFF}"
EndProject
Project("{FAE04EC0-301F-11D3-BF4B-00C04F79EFBC}") = "EFCodeFirstPaoloTest.Entities", "EFCodeFirstPaoloTest.Entities\EFCodeFirstPaoloTest.Entities.csproj", "{D23617DB-3BF4-4041-8016-CEFFB8CC4715}"
EndProject
Project("{FAE04EC0-301F-11D3-BF4B-00C04F79EFBC}") = "EFCodeFirstPaoloTest.Repository", "EFCodeFirstPaoloTest.Repository\EFCodeFirstPaoloTest.Repository.csproj", "{49EF6092-8253-4D41-9444-0B1058946976}"
EndProject
Project("{FAE04EC0-301F-11D3-BF4B-00C04F79EFBC}") = "EFCodeFirstPaoloTest.Context", "EFCodeFirstPaoloTest.Context\EFCodeFirstPaoloTest.Context.csproj", "{49B43918-196D-492E-89EF-BE2CC17A9BD7}"
EndProject
Project("{2150E333-8FDC-42A3-9474-1A3956D46DE8}") = ".nuget", ".nuget", "{08B76A75-6BB1-49E1-BE95-7524796AA661}"
	ProjectSection(SolutionItems) = preProject
		.nuget\NuGet.Config = .nuget\NuGet.Config
		.nuget\NuGet.exe = .nuget\NuGet.exe
		.nuget\NuGet.targets = .nuget\NuGet.targets
	EndProjectSection
EndProject
Project("{FAE04EC0-301F-11D3-BF4B-00C04F79EFBC}") = "EFCodeFirstPaoloTest.Services", "EFCodeFirstPaoloTest.Services\EFCodeFirstPaoloTest.Services.csproj", "{7C55AE8C-228C-4B7D-8094-511EA0B8BD73}"
EndProject
Project("{FAE04EC0-301F-11D3-BF4B-00C04F79EFBC}") = "EFCodeFirstPaoloTest.Tests", "EFCodeFirstPaoloTest.Tests\EFCodeFirstPaoloTest.Tests.csproj", "{E223CE12-57A0-47F3-BD35-812B64F7066E}"
EndProject
Global
	GlobalSection(SolutionConfigurationPlatforms) = preSolution
		Debug|Any CPU = Debug|Any CPU
		Release|Any CPU = Release|Any CPU
	EndGlobalSection
	GlobalSection(ProjectConfigurationPlatforms) = postSolution
		{574F56F2-08E4-4E6B-84BD-473B16BE2CFF}.Debug|Any CPU.ActiveCfg = Debug|Any CPU
		{574F56F2-08E4-4E6B-84BD-473B16BE2CFF}.Debug|Any CPU.Build.0 = Debug|Any CPU
		{574F56F2-08E4-4E6B-84BD-473B16BE2CFF}.Release|Any CPU.ActiveCfg = Release|Any CPU
		{574F56F2-08E4-4E6B-84BD-473B16BE2CFF}.Release|Any CPU.Build.0 = Release|Any CPU
		{D23617DB-3BF4-4041-8016-CEFFB8CC4715}.Debug|Any CPU.ActiveCfg = Debug|Any CPU
		{D23617DB-3BF4-4041-8016-CEFFB8CC4715}.Debug|Any CPU.Build.0 = Debug|Any CPU
		{D23617DB-3BF4-4041-8016-CEFFB8CC4715}.Release|Any CPU.ActiveCfg = Release|Any CPU
		{D23617DB-3BF4-4041-8016-CEFFB8CC4715}.Release|Any CPU.Build.0 = Release|Any CPU
		{49EF6092-8253-4D41-9444-0B1058946976}.Debug|Any CPU.ActiveCfg = Debug|Any CPU
		{49EF6092-8253-4D41-9444-0B1058946976}.Debug|Any CPU.Build.0 = Debug|Any CPU
		{49EF6092-8253-4D41-9444-0B1058946976}.Release|Any CPU.ActiveCfg = Release|Any CPU
		{49EF6092-8253-4D41-9444-0B1058946976}.Release|Any CPU.Build.0 = Release|Any CPU
		{49B43918-196D-492E-89EF-BE2CC17A9BD7}.Debug|Any CPU.ActiveCfg = Debug|Any CPU
		{49B43918-196D-492E-89EF-BE2CC17A9BD7}.Debug|Any CPU.Build.0 = Debug|Any CPU
		{49B43918-196D-492E-89EF-BE2CC17A9BD7}.Release|Any CPU.ActiveCfg = Release|Any CPU
		{49B43918-196D-492E-89EF-BE2CC17A9BD7}.Release|Any CPU.Build.0 = Release|Any CPU
		{7C55AE8C-228C-4B7D-8094-511EA0B8BD73}.Debug|Any CPU.ActiveCfg = Debug|Any CPU
		{7C55AE8C-228C-4B7D-8094-511EA0B8BD73}.Debug|Any CPU.Build.0 = Debug|Any CPU
		{7C55AE8C-228C-4B7D-8094-511EA0B8BD73}.Release|Any CPU.ActiveCfg = Release|Any CPU
		{7C55AE8C-228C-4B7D-8094-511EA0B8BD73}.Release|Any CPU.Build.0 = Release|Any CPU
		{E223CE12-57A0-47F3-BD35-812B64F7066E}.Debug|Any CPU.ActiveCfg = Debug|Any CPU
		{E223CE12-57A0-47F3-BD35-812B64F7066E}.Debug|Any CPU.Build.0 = Debug|Any CPU
		{E223CE12-57A0-47F3-BD35-812B64F7066E}.Release|Any CPU.ActiveCfg = Release|Any CPU
		{E223CE12-57A0-47F3-BD35-812B64F7066E}.Release|Any CPU.Build.0 = Release|Any CPU
	EndGlobalSection
	GlobalSection(SolutionProperties) = preSolution
		HideSolutionNode = FALSE
	EndGlobalSection
EndGlobal
